<?xml version="1.0" encoding="utf-8"?>
<Project ToolsVersion="4.0" xmlns="http://schemas.microsoft.com/developer/msbuild/2003">
  <ItemGroup>
    <ClCompile Include="PhotonReSTIRVPL.cpp" />
  </ItemGroup>
  <ItemGroup>
    <ClInclude Include="PhotonReSTIRVPL.h" />
  </ItemGroup>
  <ItemGroup>
    <Filter Include="Shader">
      <UniqueIdentifier>{23c54685-66b3-4519-8dcf-c3b780279f79}</UniqueIdentifier>
    </Filter>
    <Filter Include="Shader\Structs">
      <UniqueIdentifier>{9dc43648-906e-4748-92f8-ae08ba97bb87}</UniqueIdentifier>
    </Filter>
  </ItemGroup>
  <ItemGroup>
    <ShaderSource Include="PhotonReStirFunctions.slang">
      <Filter>Shader\Structs</Filter>
    </ShaderSource>
    <ShaderSource Include="Reservoir.slang">
      <Filter>Shader\Structs</Filter>
    </ShaderSource>
    <ShaderSource Include="SurfaceData.slang">
      <Filter>Shader\Structs</Filter>
    </ShaderSource>
    <ShaderSource Include="fillSurfaceInfo.cs.slang">
      <Filter>Shader</Filter>
    </ShaderSource>
    <ShaderSource Include="finalShading.cs.slang">
      <Filter>Shader</Filter>
    </ShaderSource>
    <ShaderSource Include="generateCandidates.cs.slang">
      <Filter>Shader</Filter>
    </ShaderSource>
    <ShaderSource Include="generatePhotons.rt.slang">
      <Filter>Shader</Filter>
    </ShaderSource>
    <ShaderSource Include="presamplePhotonLights.cs.slang">
      <Filter>Shader</Filter>
    </ShaderSource>
    <ShaderSource Include="spartialResampling.cs.slang">
      <Filter>Shader</Filter>
    </ShaderSource>
    <ShaderSource Include="spartioTemporalResampling.cs.slang">
      <Filter>Shader</Filter>
    </ShaderSource>
    <ShaderSource Include="temporalResampling.cs.slang">
      <Filter>Shader</Filter>
    </ShaderSource>
  </ItemGroup>
</Project>