<?xml version="1.0" encoding="utf-8"?>
<Project ToolsVersion="4.0" xmlns="http://schemas.microsoft.com/developer/msbuild/2003">
  <ItemGroup>
    <ClCompile Include="PhotonReSTIRVPL.cpp" />
  </ItemGroup>
  <ItemGroup>
    <ClInclude Include="PhotonReSTIRVPL.h" />
  </ItemGroup>
  <ItemGroup>
    <Filter Include="Shader">
      <UniqueIdentifier>{23c54685-66b3-4519-8dcf-c3b780279f79}</UniqueIdentifier>
    </Filter>
    <Filter Include="Shader\Structs">
      <UniqueIdentifier>{9dc43648-906e-4748-92f8-ae08ba97bb87}</UniqueIdentifier>
    </Filter>
    <Filter Include="Shader\ReStir">
      <UniqueIdentifier>{8c647998-00fc-4db6-a91d-74243cd75964}</UniqueIdentifier>
    </Filter>
    <Filter Include="Shader\PhotonVPLS">
      <UniqueIdentifier>{aea653f7-df5f-46e4-8d44-314188ebd0cc}</UniqueIdentifier>
    </Filter>
  </ItemGroup>
  <ItemGroup>
    <ShaderSource Include="PhotonReStirFunctions.slang">
      <Filter>Shader\Structs</Filter>
    </ShaderSource>
    <ShaderSource Include="Reservoir.slang">
      <Filter>Shader\Structs</Filter>
    </ShaderSource>
    <ShaderSource Include="SurfaceData.slang">
      <Filter>Shader\Structs</Filter>
    </ShaderSource>
    <ShaderSource Include="distributeVPLs.rt.slang">
      <Filter>Shader\PhotonVPLS</Filter>
    </ShaderSource>
    <ShaderSource Include="fillSurfaceInfo.cs.slang">
      <Filter>Shader\ReStir</Filter>
    </ShaderSource>
    <ShaderSource Include="finalShading.cs.slang">
      <Filter>Shader\ReStir</Filter>
    </ShaderSource>
    <ShaderSource Include="generateCandidates.cs.slang">
      <Filter>Shader\ReStir</Filter>
    </ShaderSource>
    <ShaderSource Include="generatePhotons.rt.slang">
      <Filter>Shader\PhotonVPLS</Filter>
    </ShaderSource>
    <ShaderSource Include="presampleLights.cs.slang">
      <Filter>Shader\PhotonVPLS</Filter>
    </ShaderSource>
    <ShaderSource Include="spartialResampling.cs.slang">
      <Filter>Shader\ReStir</Filter>
    </ShaderSource>
    <ShaderSource Include="spartioTemporalResampling.cs.slang">
      <Filter>Shader\ReStir</Filter>
    </ShaderSource>
    <ShaderSource Include="temporalResampling.cs.slang">
      <Filter>Shader\ReStir</Filter>
    </ShaderSource>
    <ShaderSource Include="showVPLsAABBcalc.cs.slang">
      <Filter>Shader\PhotonVPLS</Filter>
    </ShaderSource>
    <ShaderSource Include="showVPLs.rt.slang">
      <Filter>Shader\PhotonVPLS</Filter>
    </ShaderSource>
    <ShaderSource Include="VPLs.slang">
      <Filter>Shader\Structs</Filter>
    </ShaderSource>
    <ShaderSource Include="collectPhotons.rt.slang">
      <Filter>Shader\PhotonVPLS</Filter>
    </ShaderSource>
    <ShaderSource Include="candidatesVisCheck.rt.slang">
      <Filter>Shader\ReStir</Filter>
    </ShaderSource>
  </ItemGroup>
</Project>